{
	"name": "@codemod/arkregex",
	"version": "0.1.0",
	"lockfileVersion": 3,
	"requires": true,
	"packages": {
		"": {
			"name": "@codemod/arkregex",
			"version": "0.1.0",
			"devDependencies": {
				"@codemod.com/jssg-types": "^1.0.9",
				"typescript": "^5.8.3"
			}
		},
		"node_modules/@codemod.com/jssg-types": {
			"version": "1.0.9",
			"resolved": "https://registry.npmjs.org/@codemod.com/jssg-types/-/jssg-types-1.0.9.tgz",
			"integrity": "sha512-j+O2nvYnBcmBy0mG5bSmBD7Cn7q3fgp4tI6aqIuF7pVu7j8Dgs45Ohgkpzx9mwqcmAE7vC9CEc8zQZOfwfICyw==",
			"dev": true,
			"license": "Apache-2.0"
		},
		"node_modules/typescript": {
			"version": "5.9.3",
			"resolved": "https://registry.npmjs.org/typescript/-/typescript-5.9.3.tgz",
			"integrity": "sha512-jl1vZzPDinLr9eUt3J/t7V6FgNEw9QjvBPdysz9KfQDD41fQrC2Y4vKQdiaUpFT4bXlb1RHhLpp8wtm6M5TgSw==",
			"dev": true,
			"license": "Apache-2.0",
			"bin": {
				"tsc": "bin/tsc",
				"tsserver": "bin/tsserver"
			},
			"engines": {
				"node": ">=14.17"
			}
		}
	}
}
